easy_admin:
    entities:
        PageBlock:
            class: App\Entity\PageBlock
            controller: App\Controller\EasyAdmin\PageBlockController
            label: 'Block'
            list:
                title: 'Liste des blocks de pages'
                fields:
                    - { property: 'id', sortable: false }
                    - { property: 'title', label: 'Titre', sortable: false }
                    - { property: 'typeToString', label: 'Type', sortable: false }
                    - { property: 'page', label: 'Page', sortable: false }
                    - { property: 'enabled', label: 'Active', sortable: false }
                    - { property: 'position', label: 'Position', sortable: false }
                search:
                    fields: ['page.title', 'page.slug']
            form:
                fields:
                    - { type: 'group', columns: 12, label: 'Informations' }
                    - { property: 'icon', label: 'Icon'}
                    - { property: 'title', label: 'Titre' }
                    - { property: 'subtitle', label: 'Sous titre' }
                    - { property: 'content', label: 'Description', type: 'text_editor'}
                    - { property: 'type', label: 'Type de block'}
                    - { property: 'page', label: 'Page'}
                    - { property: 'enabled', label: 'Actif'}
                    - { type: 'group', columns: 6, label: 'Média' }
                    - { property: 'media', label: 'Média', type: 'App\Form\MediaType'}
                    - { property: 'video', label: 'Vidéo'}
